
Microsoft Visual Studio Solution File, Format Version 12.00
# Visual Studio Version 17
VisualStudioVersion = 17.11.35327.3
MinimumVisualStudioVersion = 10.0.40219.1
Project("{FAE04EC0-301F-11D3-BF4B-00C04F79EFBC}") = "Lab1", "Lab1.csproj", "{14E25988-1F10-4EB3-8D36-E3DAC93FF9B2}"
EndProject
Global
	GlobalSection(SolutionConfigurationPlatforms) = preSolution
		Debug|Any CPU = Debug|Any CPU
		Release|Any CPU = Release|Any CPU
	EndGlobalSection
	GlobalSection(ProjectConfigurationPlatforms) = postSolution
		{14E25988-1F10-4EB3-8D36-E3DAC93FF9B2}.Debug|Any CPU.ActiveCfg = Debug|Any CPU
		{14E25988-1F10-4EB3-8D36-E3DAC93FF9B2}.Debug|Any CPU.Build.0 = Debug|Any CPU
		{14E25988-1F10-4EB3-8D36-E3DAC93FF9B2}.Release|Any CPU.ActiveCfg = Release|Any CPU
		{14E25988-1F10-4EB3-8D36-E3DAC93FF9B2}.Release|Any CPU.Build.0 = Release|Any CPU
	EndGlobalSection
	GlobalSection(SolutionProperties) = preSolution
		HideSolutionNode = FALSE
	EndGlobalSection
	GlobalSection(ExtensibilityGlobals) = postSolution
		SolutionGuid = {6697DA5C-F515-4B7F-B8C4-56C9ECEC2E74}
	EndGlobalSection
EndGlobal
